
Microsoft Visual Studio Solution File, Format Version 12.00
# Visual Studio Version 17
VisualStudioVersion = 17.7.34221.43
MinimumVisualStudioVersion = 10.0.40219.1
Project("{FAE04EC0-301F-11D3-BF4B-00C04F79EFBC}") = "Emne3-SterkTypingOgVerdiTyper", "ConsoleApp2\Emne3-SterkTypingOgVerdiTyper.csproj", "{177D40C8-89A1-49D4-8D4A-0DB15745F10F}"
EndProject
Global
	GlobalSection(SolutionConfigurationPlatforms) = preSolution
		Debug|Any CPU = Debug|Any CPU
		Release|Any CPU = Release|Any CPU
	EndGlobalSection
	GlobalSection(ProjectConfigurationPlatforms) = postSolution
		{177D40C8-89A1-49D4-8D4A-0DB15745F10F}.Debug|Any CPU.ActiveCfg = Debug|Any CPU
		{177D40C8-89A1-49D4-8D4A-0DB15745F10F}.Debug|Any CPU.Build.0 = Debug|Any CPU
		{177D40C8-89A1-49D4-8D4A-0DB15745F10F}.Release|Any CPU.ActiveCfg = Release|Any CPU
		{177D40C8-89A1-49D4-8D4A-0DB15745F10F}.Release|Any CPU.Build.0 = Release|Any CPU
	EndGlobalSection
	GlobalSection(SolutionProperties) = preSolution
		HideSolutionNode = FALSE
	EndGlobalSection
	GlobalSection(ExtensibilityGlobals) = postSolution
		SolutionGuid = {BD1332F1-6DE1-4F77-A4E1-9D9F1DEA3DB9}
	EndGlobalSection
EndGlobal
